
Microsoft Visual Studio Solution File, Format Version 12.00
# Visual Studio Version 16
VisualStudioVersion = 16.0.33214.272
MinimumVisualStudioVersion = 10.0.40219.1
Project("{FAE04EC0-301F-11D3-BF4B-00C04F79EFBC}") = "Mission05_pdg13", "Mission05_pdg13\Mission05_pdg13.csproj", "{6EB13BE6-510D-47E7-AC54-8E48AFACF403}"
EndProject
Global
	GlobalSection(SolutionConfigurationPlatforms) = preSolution
		Debug|Any CPU = Debug|Any CPU
		Release|Any CPU = Release|Any CPU
	EndGlobalSection
	GlobalSection(ProjectConfigurationPlatforms) = postSolution
		{6EB13BE6-510D-47E7-AC54-8E48AFACF403}.Debug|Any CPU.ActiveCfg = Debug|Any CPU
		{6EB13BE6-510D-47E7-AC54-8E48AFACF403}.Debug|Any CPU.Build.0 = Debug|Any CPU
		{6EB13BE6-510D-47E7-AC54-8E48AFACF403}.Release|Any CPU.ActiveCfg = Release|Any CPU
		{6EB13BE6-510D-47E7-AC54-8E48AFACF403}.Release|Any CPU.Build.0 = Release|Any CPU
	EndGlobalSection
	GlobalSection(SolutionProperties) = preSolution
		HideSolutionNode = FALSE
	EndGlobalSection
	GlobalSection(ExtensibilityGlobals) = postSolution
		SolutionGuid = {D6BC76D7-EB2C-400D-8180-CD5FDACE8DDE}
	EndGlobalSection
EndGlobal
